// !$*UTF8*$!
{
	archiveVersion = 1;
	classes = {
	};
	objectVersion = 56;
	objects = {

/* Begin PBXBuildFile section */
		C603826E2B0BB04F005A5E40 /* Utilities.swift in Sources */ = {isa = PBXBuildFile; fileRef = C603826D2B0BB04F005A5E40 /* Utilities.swift */; };
		C6177C642B0A9E1B00F803D4 /* GoogleSignIn in Frameworks */ = {isa = PBXBuildFile; productRef = C6177C632B0A9E1B00F803D4 /* GoogleSignIn */; };
		C6177C662B0A9E1B00F803D4 /* GoogleSignInSwift in Frameworks */ = {isa = PBXBuildFile; productRef = C6177C652B0A9E1B00F803D4 /* GoogleSignInSwift */; };
		C6177C692B0A9F2E00F803D4 /* GoogleService-Info.plist in Resources */ = {isa = PBXBuildFile; fileRef = C6177C682B0A9F2E00F803D4 /* GoogleService-Info.plist */; };
		C6E1C8932B1353FD00BA120D /* GoogleSignIn in Frameworks */ = {isa = PBXBuildFile; productRef = C6E1C8922B1353FD00BA120D /* GoogleSignIn */; };
		C6E1C8952B1353FD00BA120D /* GoogleSignInSwift in Frameworks */ = {isa = PBXBuildFile; productRef = C6E1C8942B1353FD00BA120D /* GoogleSignInSwift */; };
		C6F3C93B2AF7C19D00FC3F71 /* TaskMagnetApp.swift in Sources */ = {isa = PBXBuildFile; fileRef = C6F3C93A2AF7C19D00FC3F71 /* TaskMagnetApp.swift */; };
		C6F3C93D2AF7C19D00FC3F71 /* ContentView.swift in Sources */ = {isa = PBXBuildFile; fileRef = C6F3C93C2AF7C19D00FC3F71 /* ContentView.swift */; };
		C6F3C93F2AF7C19F00FC3F71 /* Assets.xcassets in Resources */ = {isa = PBXBuildFile; fileRef = C6F3C93E2AF7C19F00FC3F71 /* Assets.xcassets */; };
		C6F3C9422AF7C19F00FC3F71 /* Preview Assets.xcassets in Resources */ = {isa = PBXBuildFile; fileRef = C6F3C9412AF7C19F00FC3F71 /* Preview Assets.xcassets */; };
		C6F3C94C2AF7C3ED00FC3F71 /* FirebaseAnalytics in Frameworks */ = {isa = PBXBuildFile; productRef = C6F3C94B2AF7C3ED00FC3F71 /* FirebaseAnalytics */; };
		C6F3C94E2AF7C3ED00FC3F71 /* FirebaseAnalyticsOnDeviceConversion in Frameworks */ = {isa = PBXBuildFile; productRef = C6F3C94D2AF7C3ED00FC3F71 /* FirebaseAnalyticsOnDeviceConversion */; };
		C6F3C9502AF7C3ED00FC3F71 /* FirebaseAnalyticsSwift in Frameworks */ = {isa = PBXBuildFile; productRef = C6F3C94F2AF7C3ED00FC3F71 /* FirebaseAnalyticsSwift */; };
		C6F3C9522AF7C3ED00FC3F71 /* FirebaseAnalyticsWithoutAdIdSupport in Frameworks */ = {isa = PBXBuildFile; productRef = C6F3C9512AF7C3ED00FC3F71 /* FirebaseAnalyticsWithoutAdIdSupport */; };
		C6F3C9542AF7C3ED00FC3F71 /* FirebaseAppCheck in Frameworks */ = {isa = PBXBuildFile; productRef = C6F3C9532AF7C3ED00FC3F71 /* FirebaseAppCheck */; };
		C6F3C9562AF7C3ED00FC3F71 /* FirebaseAppDistribution-Beta in Frameworks */ = {isa = PBXBuildFile; productRef = C6F3C9552AF7C3ED00FC3F71 /* FirebaseAppDistribution-Beta */; };
		C6F3C9582AF7C3ED00FC3F71 /* FirebaseAuth in Frameworks */ = {isa = PBXBuildFile; productRef = C6F3C9572AF7C3ED00FC3F71 /* FirebaseAuth */; };
		C6F3C95A2AF7C3ED00FC3F71 /* FirebaseAuthCombine-Community in Frameworks */ = {isa = PBXBuildFile; productRef = C6F3C9592AF7C3ED00FC3F71 /* FirebaseAuthCombine-Community */; };
		C6F3C95C2AF7C3ED00FC3F71 /* FirebaseCrashlytics in Frameworks */ = {isa = PBXBuildFile; productRef = C6F3C95B2AF7C3ED00FC3F71 /* FirebaseCrashlytics */; };
		C6F3C95E2AF7C3ED00FC3F71 /* FirebaseDatabase in Frameworks */ = {isa = PBXBuildFile; productRef = C6F3C95D2AF7C3ED00FC3F71 /* FirebaseDatabase */; };
		C6F3C9602AF7C3ED00FC3F71 /* FirebaseDatabaseSwift in Frameworks */ = {isa = PBXBuildFile; productRef = C6F3C95F2AF7C3ED00FC3F71 /* FirebaseDatabaseSwift */; };
		C6F3C9622AF7C3ED00FC3F71 /* FirebaseDynamicLinks in Frameworks */ = {isa = PBXBuildFile; productRef = C6F3C9612AF7C3ED00FC3F71 /* FirebaseDynamicLinks */; };
		C6F3C9642AF7C3ED00FC3F71 /* FirebaseFirestore in Frameworks */ = {isa = PBXBuildFile; productRef = C6F3C9632AF7C3ED00FC3F71 /* FirebaseFirestore */; };
		C6F3C9662AF7C3ED00FC3F71 /* FirebaseFirestoreCombine-Community in Frameworks */ = {isa = PBXBuildFile; productRef = C6F3C9652AF7C3ED00FC3F71 /* FirebaseFirestoreCombine-Community */; };
		C6F3C9682AF7C3ED00FC3F71 /* FirebaseFirestoreSwift in Frameworks */ = {isa = PBXBuildFile; productRef = C6F3C9672AF7C3ED00FC3F71 /* FirebaseFirestoreSwift */; };
		C6F3C96A2AF7C3ED00FC3F71 /* FirebaseFunctions in Frameworks */ = {isa = PBXBuildFile; productRef = C6F3C9692AF7C3ED00FC3F71 /* FirebaseFunctions */; };
		C6F3C96C2AF7C3ED00FC3F71 /* FirebaseFunctionsCombine-Community in Frameworks */ = {isa = PBXBuildFile; productRef = C6F3C96B2AF7C3ED00FC3F71 /* FirebaseFunctionsCombine-Community */; };
		C6F3C96E2AF7C3ED00FC3F71 /* FirebaseInAppMessaging-Beta in Frameworks */ = {isa = PBXBuildFile; productRef = C6F3C96D2AF7C3ED00FC3F71 /* FirebaseInAppMessaging-Beta */; };
		C6F3C9702AF7C3ED00FC3F71 /* FirebaseInAppMessagingSwift-Beta in Frameworks */ = {isa = PBXBuildFile; productRef = C6F3C96F2AF7C3ED00FC3F71 /* FirebaseInAppMessagingSwift-Beta */; };
		C6F3C9722AF7C3ED00FC3F71 /* FirebaseInstallations in Frameworks */ = {isa = PBXBuildFile; productRef = C6F3C9712AF7C3ED00FC3F71 /* FirebaseInstallations */; };
		C6F3C9742AF7C3ED00FC3F71 /* FirebaseMLModelDownloader in Frameworks */ = {isa = PBXBuildFile; productRef = C6F3C9732AF7C3ED00FC3F71 /* FirebaseMLModelDownloader */; };
		C6F3C9762AF7C3ED00FC3F71 /* FirebaseMessaging in Frameworks */ = {isa = PBXBuildFile; productRef = C6F3C9752AF7C3ED00FC3F71 /* FirebaseMessaging */; };
		C6F3C9782AF7C3ED00FC3F71 /* FirebasePerformance in Frameworks */ = {isa = PBXBuildFile; productRef = C6F3C9772AF7C3ED00FC3F71 /* FirebasePerformance */; };
		C6F3C97A2AF7C3ED00FC3F71 /* FirebaseRemoteConfig in Frameworks */ = {isa = PBXBuildFile; productRef = C6F3C9792AF7C3ED00FC3F71 /* FirebaseRemoteConfig */; };
		C6F3C97C2AF7C3ED00FC3F71 /* FirebaseRemoteConfigSwift in Frameworks */ = {isa = PBXBuildFile; productRef = C6F3C97B2AF7C3ED00FC3F71 /* FirebaseRemoteConfigSwift */; };
		C6F3C97E2AF7C3ED00FC3F71 /* FirebaseStorage in Frameworks */ = {isa = PBXBuildFile; productRef = C6F3C97D2AF7C3ED00FC3F71 /* FirebaseStorage */; };
		C6F3C9802AF7C3ED00FC3F71 /* FirebaseStorageCombine-Community in Frameworks */ = {isa = PBXBuildFile; productRef = C6F3C97F2AF7C3ED00FC3F71 /* FirebaseStorageCombine-Community */; };
		C6F3C9832AF7D32700FC3F71 /* AuthView.swift in Sources */ = {isa = PBXBuildFile; fileRef = C6F3C9822AF7D32700FC3F71 /* AuthView.swift */; };
		C6F3C9852AF7D49200FC3F71 /* SignInEmailView.swift in Sources */ = {isa = PBXBuildFile; fileRef = C6F3C9842AF7D49200FC3F71 /* SignInEmailView.swift */; };
		C6F3C9872AF7D6D800FC3F71 /* AuthenticationManager.swift in Sources */ = {isa = PBXBuildFile; fileRef = C6F3C9862AF7D6D800FC3F71 /* AuthenticationManager.swift */; };
		C6F3C9892AF7E23E00FC3F71 /* RootView.swift in Sources */ = {isa = PBXBuildFile; fileRef = C6F3C9882AF7E23E00FC3F71 /* RootView.swift */; };
		C6F3C98B2AF7E8A800FC3F71 /* SettingsView.swift in Sources */ = {isa = PBXBuildFile; fileRef = C6F3C98A2AF7E8A800FC3F71 /* SettingsView.swift */; };
		C6FC468F2B163C9B0082F104 /* TaskLogic.swift in Sources */ = {isa = PBXBuildFile; fileRef = C6FC468E2B163C9B0082F104 /* TaskLogic.swift */; };
/* End PBXBuildFile section */

/* Begin PBXFileReference section */
		C603826D2B0BB04F005A5E40 /* Utilities.swift */ = {isa = PBXFileReference; lastKnownFileType = sourcecode.swift; path = Utilities.swift; sourceTree = "<group>"; };
		C6177C672B0A9EC700F803D4 /* Info.plist */ = {isa = PBXFileReference; lastKnownFileType = text.plist; path = Info.plist; sourceTree = "<group>"; };
		C6177C682B0A9F2E00F803D4 /* GoogleService-Info.plist */ = {isa = PBXFileReference; fileEncoding = 4; lastKnownFileType = text.plist.xml; path = "GoogleService-Info.plist"; sourceTree = "<group>"; };
		C6F3C9372AF7C19D00FC3F71 /* TaskMagnet.app */ = {isa = PBXFileReference; explicitFileType = wrapper.application; includeInIndex = 0; path = TaskMagnet.app; sourceTree = BUILT_PRODUCTS_DIR; };
		C6F3C93A2AF7C19D00FC3F71 /* TaskMagnetApp.swift */ = {isa = PBXFileReference; lastKnownFileType = sourcecode.swift; path = TaskMagnetApp.swift; sourceTree = "<group>"; };
		C6F3C93C2AF7C19D00FC3F71 /* ContentView.swift */ = {isa = PBXFileReference; lastKnownFileType = sourcecode.swift; path = ContentView.swift; sourceTree = "<group>"; };
		C6F3C93E2AF7C19F00FC3F71 /* Assets.xcassets */ = {isa = PBXFileReference; lastKnownFileType = folder.assetcatalog; path = Assets.xcassets; sourceTree = "<group>"; };
		C6F3C9412AF7C19F00FC3F71 /* Preview Assets.xcassets */ = {isa = PBXFileReference; lastKnownFileType = folder.assetcatalog; path = "Preview Assets.xcassets"; sourceTree = "<group>"; };
		C6F3C9822AF7D32700FC3F71 /* AuthView.swift */ = {isa = PBXFileReference; lastKnownFileType = sourcecode.swift; path = AuthView.swift; sourceTree = "<group>"; };
		C6F3C9842AF7D49200FC3F71 /* SignInEmailView.swift */ = {isa = PBXFileReference; lastKnownFileType = sourcecode.swift; path = SignInEmailView.swift; sourceTree = "<group>"; };
		C6F3C9862AF7D6D800FC3F71 /* AuthenticationManager.swift */ = {isa = PBXFileReference; lastKnownFileType = sourcecode.swift; path = AuthenticationManager.swift; sourceTree = "<group>"; };
		C6F3C9882AF7E23E00FC3F71 /* RootView.swift */ = {isa = PBXFileReference; lastKnownFileType = sourcecode.swift; path = RootView.swift; sourceTree = "<group>"; };
		C6F3C98A2AF7E8A800FC3F71 /* SettingsView.swift */ = {isa = PBXFileReference; lastKnownFileType = sourcecode.swift; path = SettingsView.swift; sourceTree = "<group>"; };
		C6FC468E2B163C9B0082F104 /* TaskLogic.swift */ = {isa = PBXFileReference; lastKnownFileType = sourcecode.swift; path = TaskLogic.swift; sourceTree = "<group>"; };
/* End PBXFileReference section */

/* Begin PBXFrameworksBuildPhase section */
		C6F3C9342AF7C19D00FC3F71 /* Frameworks */ = {
			isa = PBXFrameworksBuildPhase;
			buildActionMask = 2147483647;
			files = (
				C6F3C95E2AF7C3ED00FC3F71 /* FirebaseDatabase in Frameworks */,
				C6F3C96C2AF7C3ED00FC3F71 /* FirebaseFunctionsCombine-Community in Frameworks */,
				C6F3C9642AF7C3ED00FC3F71 /* FirebaseFirestore in Frameworks */,
				C6F3C9502AF7C3ED00FC3F71 /* FirebaseAnalyticsSwift in Frameworks */,
				C6F3C94C2AF7C3ED00FC3F71 /* FirebaseAnalytics in Frameworks */,
				C6E1C8932B1353FD00BA120D /* GoogleSignIn in Frameworks */,
				C6F3C94E2AF7C3ED00FC3F71 /* FirebaseAnalyticsOnDeviceConversion in Frameworks */,
				C6F3C9742AF7C3ED00FC3F71 /* FirebaseMLModelDownloader in Frameworks */,
				C6177C662B0A9E1B00F803D4 /* GoogleSignInSwift in Frameworks */,
				C6F3C9682AF7C3ED00FC3F71 /* FirebaseFirestoreSwift in Frameworks */,
				C6F3C9542AF7C3ED00FC3F71 /* FirebaseAppCheck in Frameworks */,
				C6F3C9522AF7C3ED00FC3F71 /* FirebaseAnalyticsWithoutAdIdSupport in Frameworks */,
				C6F3C9582AF7C3ED00FC3F71 /* FirebaseAuth in Frameworks */,
				C6F3C95C2AF7C3ED00FC3F71 /* FirebaseCrashlytics in Frameworks */,
				C6F3C97C2AF7C3ED00FC3F71 /* FirebaseRemoteConfigSwift in Frameworks */,
				C6177C642B0A9E1B00F803D4 /* GoogleSignIn in Frameworks */,
				C6F3C96E2AF7C3ED00FC3F71 /* FirebaseInAppMessaging-Beta in Frameworks */,
				C6F3C9602AF7C3ED00FC3F71 /* FirebaseDatabaseSwift in Frameworks */,
				C6F3C96A2AF7C3ED00FC3F71 /* FirebaseFunctions in Frameworks */,
				C6F3C9802AF7C3ED00FC3F71 /* FirebaseStorageCombine-Community in Frameworks */,
				C6F3C97A2AF7C3ED00FC3F71 /* FirebaseRemoteConfig in Frameworks */,
				C6F3C9562AF7C3ED00FC3F71 /* FirebaseAppDistribution-Beta in Frameworks */,
				C6F3C95A2AF7C3ED00FC3F71 /* FirebaseAuthCombine-Community in Frameworks */,
				C6E1C8952B1353FD00BA120D /* GoogleSignInSwift in Frameworks */,
				C6F3C9782AF7C3ED00FC3F71 /* FirebasePerformance in Frameworks */,
				C6F3C9702AF7C3ED00FC3F71 /* FirebaseInAppMessagingSwift-Beta in Frameworks */,
				C6F3C97E2AF7C3ED00FC3F71 /* FirebaseStorage in Frameworks */,
				C6F3C9622AF7C3ED00FC3F71 /* FirebaseDynamicLinks in Frameworks */,
				C6F3C9662AF7C3ED00FC3F71 /* FirebaseFirestoreCombine-Community in Frameworks */,
				C6F3C9762AF7C3ED00FC3F71 /* FirebaseMessaging in Frameworks */,
				C6F3C9722AF7C3ED00FC3F71 /* FirebaseInstallations in Frameworks */,
			);
			runOnlyForDeploymentPostprocessing = 0;
		};
/* End PBXFrameworksBuildPhase section */

/* Begin PBXGroup section */
		C603826C2B0BB02B005A5E40 /* Utilities */ = {
			isa = PBXGroup;
			children = (
				C603826D2B0BB04F005A5E40 /* Utilities.swift */,
			);
			path = Utilities;
			sourceTree = "<group>";
		};
		C6F3C92E2AF7C19D00FC3F71 = {
			isa = PBXGroup;
			children = (
				C6F3C9392AF7C19D00FC3F71 /* TaskMagnet */,
				C6F3C9382AF7C19D00FC3F71 /* Products */,
			);
			sourceTree = "<group>";
		};
		C6F3C9382AF7C19D00FC3F71 /* Products */ = {
			isa = PBXGroup;
			children = (
				C6F3C9372AF7C19D00FC3F71 /* TaskMagnet.app */,
			);
			name = Products;
			sourceTree = "<group>";
		};
		C6F3C9392AF7C19D00FC3F71 /* TaskMagnet */ = {
			isa = PBXGroup;
			children = (
				C6177C672B0A9EC700F803D4 /* Info.plist */,
				C6F3C93A2AF7C19D00FC3F71 /* TaskMagnetApp.swift */,
				C6F3C93C2AF7C19D00FC3F71 /* ContentView.swift */,
				C6F3C98A2AF7E8A800FC3F71 /* SettingsView.swift */,
				C6F3C9882AF7E23E00FC3F71 /* RootView.swift */,
				C6FC468E2B163C9B0082F104 /* TaskLogic.swift */,
				C603826C2B0BB02B005A5E40 /* Utilities */,
				C6F3C9812AF7D30200FC3F71 /* Authentication */,
				C6177C682B0A9F2E00F803D4 /* GoogleService-Info.plist */,
				C6F3C93E2AF7C19F00FC3F71 /* Assets.xcassets */,
				C6F3C9402AF7C19F00FC3F71 /* Preview Content */,
			);
			path = TaskMagnet;
			sourceTree = "<group>";
		};
		C6F3C9402AF7C19F00FC3F71 /* Preview Content */ = {
			isa = PBXGroup;
			children = (
				C6F3C9412AF7C19F00FC3F71 /* Preview Assets.xcassets */,
			);
			path = "Preview Content";
			sourceTree = "<group>";
		};
		C6F3C9812AF7D30200FC3F71 /* Authentication */ = {
			isa = PBXGroup;
			children = (
				C6F3C9822AF7D32700FC3F71 /* AuthView.swift */,
				C6F3C9842AF7D49200FC3F71 /* SignInEmailView.swift */,
				C6F3C9862AF7D6D800FC3F71 /* AuthenticationManager.swift */,
			);
			path = Authentication;
			sourceTree = "<group>";
		};
/* End PBXGroup section */

/* Begin PBXNativeTarget section */
		C6F3C9362AF7C19D00FC3F71 /* TaskMagnet */ = {
			isa = PBXNativeTarget;
			buildConfigurationList = C6F3C9452AF7C19F00FC3F71 /* Build configuration list for PBXNativeTarget "TaskMagnet" */;
			buildPhases = (
				C6F3C9332AF7C19D00FC3F71 /* Sources */,
				C6F3C9342AF7C19D00FC3F71 /* Frameworks */,
				C6F3C9352AF7C19D00FC3F71 /* Resources */,
			);
			buildRules = (
			);
			dependencies = (
			);
			name = TaskMagnet;
			packageProductDependencies = (
				C6F3C94B2AF7C3ED00FC3F71 /* FirebaseAnalytics */,
				C6F3C94D2AF7C3ED00FC3F71 /* FirebaseAnalyticsOnDeviceConversion */,
				C6F3C94F2AF7C3ED00FC3F71 /* FirebaseAnalyticsSwift */,
				C6F3C9512AF7C3ED00FC3F71 /* FirebaseAnalyticsWithoutAdIdSupport */,
				C6F3C9532AF7C3ED00FC3F71 /* FirebaseAppCheck */,
				C6F3C9552AF7C3ED00FC3F71 /* FirebaseAppDistribution-Beta */,
				C6F3C9572AF7C3ED00FC3F71 /* FirebaseAuth */,
				C6F3C9592AF7C3ED00FC3F71 /* FirebaseAuthCombine-Community */,
				C6F3C95B2AF7C3ED00FC3F71 /* FirebaseCrashlytics */,
				C6F3C95D2AF7C3ED00FC3F71 /* FirebaseDatabase */,
				C6F3C95F2AF7C3ED00FC3F71 /* FirebaseDatabaseSwift */,
				C6F3C9612AF7C3ED00FC3F71 /* FirebaseDynamicLinks */,
				C6F3C9632AF7C3ED00FC3F71 /* FirebaseFirestore */,
				C6F3C9652AF7C3ED00FC3F71 /* FirebaseFirestoreCombine-Community */,
				C6F3C9672AF7C3ED00FC3F71 /* FirebaseFirestoreSwift */,
				C6F3C9692AF7C3ED00FC3F71 /* FirebaseFunctions */,
				C6F3C96B2AF7C3ED00FC3F71 /* FirebaseFunctionsCombine-Community */,
				C6F3C96D2AF7C3ED00FC3F71 /* FirebaseInAppMessaging-Beta */,
				C6F3C96F2AF7C3ED00FC3F71 /* FirebaseInAppMessagingSwift-Beta */,
				C6F3C9712AF7C3ED00FC3F71 /* FirebaseInstallations */,
				C6F3C9732AF7C3ED00FC3F71 /* FirebaseMLModelDownloader */,
				C6F3C9752AF7C3ED00FC3F71 /* FirebaseMessaging */,
				C6F3C9772AF7C3ED00FC3F71 /* FirebasePerformance */,
				C6F3C9792AF7C3ED00FC3F71 /* FirebaseRemoteConfig */,
				C6F3C97B2AF7C3ED00FC3F71 /* FirebaseRemoteConfigSwift */,
				C6F3C97D2AF7C3ED00FC3F71 /* FirebaseStorage */,
				C6F3C97F2AF7C3ED00FC3F71 /* FirebaseStorageCombine-Community */,
				C6177C632B0A9E1B00F803D4 /* GoogleSignIn */,
				C6177C652B0A9E1B00F803D4 /* GoogleSignInSwift */,
				C6E1C8922B1353FD00BA120D /* GoogleSignIn */,
				C6E1C8942B1353FD00BA120D /* GoogleSignInSwift */,
			);
			productName = TaskMagnet;
			productReference = C6F3C9372AF7C19D00FC3F71 /* TaskMagnet.app */;
			productType = "com.apple.product-type.application";
		};
/* End PBXNativeTarget section */

/* Begin PBXProject section */
		C6F3C92F2AF7C19D00FC3F71 /* Project object */ = {
			isa = PBXProject;
			attributes = {
				BuildIndependentTargetsInParallel = 1;
				LastSwiftUpdateCheck = 1500;
				LastUpgradeCheck = 1500;
				TargetAttributes = {
					C6F3C9362AF7C19D00FC3F71 = {
						CreatedOnToolsVersion = 15.0.1;
					};
				};
			};
			buildConfigurationList = C6F3C9322AF7C19D00FC3F71 /* Build configuration list for PBXProject "TaskMagnet" */;
			compatibilityVersion = "Xcode 14.0";
			developmentRegion = en;
			hasScannedForEncodings = 0;
			knownRegions = (
				en,
				Base,
			);
			mainGroup = C6F3C92E2AF7C19D00FC3F71;
			packageReferences = (
				C6F3C94A2AF7C3ED00FC3F71 /* XCRemoteSwiftPackageReference "firebase-ios-sdk" */,
				C6177C622B0A9E1B00F803D4 /* XCRemoteSwiftPackageReference "GoogleSignIn-iOS" */,
			);
			productRefGroup = C6F3C9382AF7C19D00FC3F71 /* Products */;
			projectDirPath = "";
			projectRoot = "";
			targets = (
				C6F3C9362AF7C19D00FC3F71 /* TaskMagnet */,
			);
		};
/* End PBXProject section */

/* Begin PBXResourcesBuildPhase section */
		C6F3C9352AF7C19D00FC3F71 /* Resources */ = {
			isa = PBXResourcesBuildPhase;
			buildActionMask = 2147483647;
			files = (
				C6F3C9422AF7C19F00FC3F71 /* Preview Assets.xcassets in Resources */,
				C6F3C93F2AF7C19F00FC3F71 /* Assets.xcassets in Resources */,
				C6177C692B0A9F2E00F803D4 /* GoogleService-Info.plist in Resources */,
			);
			runOnlyForDeploymentPostprocessing = 0;
		};
/* End PBXResourcesBuildPhase section */

/* Begin PBXSourcesBuildPhase section */
		C6F3C9332AF7C19D00FC3F71 /* Sources */ = {
			isa = PBXSourcesBuildPhase;
			buildActionMask = 2147483647;
			files = (
				C6F3C93D2AF7C19D00FC3F71 /* ContentView.swift in Sources */,
				C6F3C93B2AF7C19D00FC3F71 /* TaskMagnetApp.swift in Sources */,
				C6F3C9892AF7E23E00FC3F71 /* RootView.swift in Sources */,
				C6F3C9832AF7D32700FC3F71 /* AuthView.swift in Sources */,
				C6F3C9872AF7D6D800FC3F71 /* AuthenticationManager.swift in Sources */,
				C6F3C9852AF7D49200FC3F71 /* SignInEmailView.swift in Sources */,
				C6FC468F2B163C9B0082F104 /* TaskLogic.swift in Sources */,
				C603826E2B0BB04F005A5E40 /* Utilities.swift in Sources */,
				C6F3C98B2AF7E8A800FC3F71 /* SettingsView.swift in Sources */,
			);
			runOnlyForDeploymentPostprocessing = 0;
		};
/* End PBXSourcesBuildPhase section */

/* Begin XCBuildConfiguration section */
		C6F3C9432AF7C19F00FC3F71 /* Debug */ = {
			isa = XCBuildConfiguration;
			buildSettings = {
				ALWAYS_SEARCH_USER_PATHS = NO;
				ASSETCATALOG_COMPILER_GENERATE_SWIFT_ASSET_SYMBOL_EXTENSIONS = YES;
				CLANG_ANALYZER_NONNULL = YES;
				CLANG_ANALYZER_NUMBER_OBJECT_CONVERSION = YES_AGGRESSIVE;
				CLANG_CXX_LANGUAGE_STANDARD = "gnu++20";
				CLANG_ENABLE_MODULES = YES;
				CLANG_ENABLE_OBJC_ARC = YES;
				CLANG_ENABLE_OBJC_WEAK = YES;
				CLANG_WARN_BLOCK_CAPTURE_AUTORELEASING = YES;
				CLANG_WARN_BOOL_CONVERSION = YES;
				CLANG_WARN_COMMA = YES;
				CLANG_WARN_CONSTANT_CONVERSION = YES;
				CLANG_WARN_DEPRECATED_OBJC_IMPLEMENTATIONS = YES;
				CLANG_WARN_DIRECT_OBJC_ISA_USAGE = YES_ERROR;
				CLANG_WARN_DOCUMENTATION_COMMENTS = YES;
				CLANG_WARN_EMPTY_BODY = YES;
				CLANG_WARN_ENUM_CONVERSION = YES;
				CLANG_WARN_INFINITE_RECURSION = YES;
				CLANG_WARN_INT_CONVERSION = YES;
				CLANG_WARN_NON_LITERAL_NULL_CONVERSION = YES;
				CLANG_WARN_OBJC_IMPLICIT_RETAIN_SELF = YES;
				CLANG_WARN_OBJC_LITERAL_CONVERSION = YES;
				CLANG_WARN_OBJC_ROOT_CLASS = YES_ERROR;
				CLANG_WARN_QUOTED_INCLUDE_IN_FRAMEWORK_HEADER = YES;
				CLANG_WARN_RANGE_LOOP_ANALYSIS = YES;
				CLANG_WARN_STRICT_PROTOTYPES = YES;
				CLANG_WARN_SUSPICIOUS_MOVE = YES;
				CLANG_WARN_UNGUARDED_AVAILABILITY = YES_AGGRESSIVE;
				CLANG_WARN_UNREACHABLE_CODE = YES;
				CLANG_WARN__DUPLICATE_METHOD_MATCH = YES;
				COPY_PHASE_STRIP = NO;
				DEBUG_INFORMATION_FORMAT = dwarf;
				ENABLE_STRICT_OBJC_MSGSEND = YES;
				ENABLE_TESTABILITY = YES;
				ENABLE_USER_SCRIPT_SANDBOXING = YES;
				GCC_C_LANGUAGE_STANDARD = gnu17;
				GCC_DYNAMIC_NO_PIC = NO;
				GCC_NO_COMMON_BLOCKS = YES;
				GCC_OPTIMIZATION_LEVEL = 0;
				GCC_PREPROCESSOR_DEFINITIONS = (
					"DEBUG=1",
					"$(inherited)",
				);
				GCC_WARN_64_TO_32_BIT_CONVERSION = YES;
				GCC_WARN_ABOUT_RETURN_TYPE = YES_ERROR;
				GCC_WARN_UNDECLARED_SELECTOR = YES;
				GCC_WARN_UNINITIALIZED_AUTOS = YES_AGGRESSIVE;
				GCC_WARN_UNUSED_FUNCTION = YES;
				GCC_WARN_UNUSED_VARIABLE = YES;
				IPHONEOS_DEPLOYMENT_TARGET = 17.0;
				LOCALIZATION_PREFERS_STRING_CATALOGS = YES;
				MTL_ENABLE_DEBUG_INFO = INCLUDE_SOURCE;
				MTL_FAST_MATH = YES;
				ONLY_ACTIVE_ARCH = YES;
				SDKROOT = iphoneos;
				SWIFT_ACTIVE_COMPILATION_CONDITIONS = "DEBUG $(inherited)";
				SWIFT_OPTIMIZATION_LEVEL = "-Onone";
			};
			name = Debug;
		};
		C6F3C9442AF7C19F00FC3F71 /* Release */ = {
			isa = XCBuildConfiguration;
			buildSettings = {
				ALWAYS_SEARCH_USER_PATHS = NO;
				ASSETCATALOG_COMPILER_GENERATE_SWIFT_ASSET_SYMBOL_EXTENSIONS = YES;
				CLANG_ANALYZER_NONNULL = YES;
				CLANG_ANALYZER_NUMBER_OBJECT_CONVERSION = YES_AGGRESSIVE;
				CLANG_CXX_LANGUAGE_STANDARD = "gnu++20";
				CLANG_ENABLE_MODULES = YES;
				CLANG_ENABLE_OBJC_ARC = YES;
				CLANG_ENABLE_OBJC_WEAK = YES;
				CLANG_WARN_BLOCK_CAPTURE_AUTORELEASING = YES;
				CLANG_WARN_BOOL_CONVERSION = YES;
				CLANG_WARN_COMMA = YES;
				CLANG_WARN_CONSTANT_CONVERSION = YES;
				CLANG_WARN_DEPRECATED_OBJC_IMPLEMENTATIONS = YES;
				CLANG_WARN_DIRECT_OBJC_ISA_USAGE = YES_ERROR;
				CLANG_WARN_DOCUMENTATION_COMMENTS = YES;
				CLANG_WARN_EMPTY_BODY = YES;
				CLANG_WARN_ENUM_CONVERSION = YES;
				CLANG_WARN_INFINITE_RECURSION = YES;
				CLANG_WARN_INT_CONVERSION = YES;
				CLANG_WARN_NON_LITERAL_NULL_CONVERSION = YES;
				CLANG_WARN_OBJC_IMPLICIT_RETAIN_SELF = YES;
				CLANG_WARN_OBJC_LITERAL_CONVERSION = YES;
				CLANG_WARN_OBJC_ROOT_CLASS = YES_ERROR;
				CLANG_WARN_QUOTED_INCLUDE_IN_FRAMEWORK_HEADER = YES;
				CLANG_WARN_RANGE_LOOP_ANALYSIS = YES;
				CLANG_WARN_STRICT_PROTOTYPES = YES;
				CLANG_WARN_SUSPICIOUS_MOVE = YES;
				CLANG_WARN_UNGUARDED_AVAILABILITY = YES_AGGRESSIVE;
				CLANG_WARN_UNREACHABLE_CODE = YES;
				CLANG_WARN__DUPLICATE_METHOD_MATCH = YES;
				COPY_PHASE_STRIP = NO;
				DEBUG_INFORMATION_FORMAT = "dwarf-with-dsym";
				ENABLE_NS_ASSERTIONS = NO;
				ENABLE_STRICT_OBJC_MSGSEND = YES;
				ENABLE_USER_SCRIPT_SANDBOXING = YES;
				GCC_C_LANGUAGE_STANDARD = gnu17;
				GCC_NO_COMMON_BLOCKS = YES;
				GCC_WARN_64_TO_32_BIT_CONVERSION = YES;
				GCC_WARN_ABOUT_RETURN_TYPE = YES_ERROR;
				GCC_WARN_UNDECLARED_SELECTOR = YES;
				GCC_WARN_UNINITIALIZED_AUTOS = YES_AGGRESSIVE;
				GCC_WARN_UNUSED_FUNCTION = YES;
				GCC_WARN_UNUSED_VARIABLE = YES;
				IPHONEOS_DEPLOYMENT_TARGET = 17.0;
				LOCALIZATION_PREFERS_STRING_CATALOGS = YES;
				MTL_ENABLE_DEBUG_INFO = NO;
				MTL_FAST_MATH = YES;
				SDKROOT = iphoneos;
				SWIFT_COMPILATION_MODE = wholemodule;
				VALIDATE_PRODUCT = YES;
			};
			name = Release;
		};
		C6F3C9462AF7C19F00FC3F71 /* Debug */ = {
			isa = XCBuildConfiguration;
			buildSettings = {
				ASSETCATALOG_COMPILER_APPICON_NAME = AppIcon;
				ASSETCATALOG_COMPILER_GLOBAL_ACCENT_COLOR_NAME = AccentColor;
				CODE_SIGN_STYLE = Automatic;
				CURRENT_PROJECT_VERSION = 1;
				DEVELOPMENT_ASSET_PATHS = "\"TaskMagnet/Preview Content\"";
				DEVELOPMENT_TEAM = Z9CU3W276W;
				ENABLE_PREVIEWS = YES;
				GENERATE_INFOPLIST_FILE = YES;
				INFOPLIST_FILE = TaskMagnet/Info.plist;
				INFOPLIST_KEY_UIApplicationSceneManifest_Generation = YES;
				INFOPLIST_KEY_UIApplicationSupportsIndirectInputEvents = YES;
				INFOPLIST_KEY_UILaunchScreen_Generation = YES;
				INFOPLIST_KEY_UISupportedInterfaceOrientations_iPad = "UIInterfaceOrientationPortrait UIInterfaceOrientationPortraitUpsideDown UIInterfaceOrientationLandscapeLeft UIInterfaceOrientationLandscapeRight";
				INFOPLIST_KEY_UISupportedInterfaceOrientations_iPhone = "UIInterfaceOrientationPortrait UIInterfaceOrientationLandscapeLeft UIInterfaceOrientationLandscapeRight";
				LD_RUNPATH_SEARCH_PATHS = (
					"$(inherited)",
					"@executable_path/Frameworks",
				);
				MARKETING_VERSION = 1.0;
				PRODUCT_BUNDLE_IDENTIFIER = com.armin.TaskMagnet;
				PRODUCT_NAME = "$(TARGET_NAME)";
				SWIFT_EMIT_LOC_STRINGS = YES;
				SWIFT_VERSION = 5.0;
				TARGETED_DEVICE_FAMILY = "1,2";
			};
			name = Debug;
		};
		C6F3C9472AF7C19F00FC3F71 /* Release */ = {
			isa = XCBuildConfiguration;
			buildSettings = {
				ASSETCATALOG_COMPILER_APPICON_NAME = AppIcon;
				ASSETCATALOG_COMPILER_GLOBAL_ACCENT_COLOR_NAME = AccentColor;
				CODE_SIGN_STYLE = Automatic;
				CURRENT_PROJECT_VERSION = 1;
				DEVELOPMENT_ASSET_PATHS = "\"TaskMagnet/Preview Content\"";
				DEVELOPMENT_TEAM = Z9CU3W276W;
				ENABLE_PREVIEWS = YES;
				GENERATE_INFOPLIST_FILE = YES;
				INFOPLIST_FILE = TaskMagnet/Info.plist;
				INFOPLIST_KEY_UIApplicationSceneManifest_Generation = YES;
				INFOPLIST_KEY_UIApplicationSupportsIndirectInputEvents = YES;
				INFOPLIST_KEY_UILaunchScreen_Generation = YES;
				INFOPLIST_KEY_UISupportedInterfaceOrientations_iPad = "UIInterfaceOrientationPortrait UIInterfaceOrientationPortraitUpsideDown UIInterfaceOrientationLandscapeLeft UIInterfaceOrientationLandscapeRight";
				INFOPLIST_KEY_UISupportedInterfaceOrientations_iPhone = "UIInterfaceOrientationPortrait UIInterfaceOrientationLandscapeLeft UIInterfaceOrientationLandscapeRight";
				LD_RUNPATH_SEARCH_PATHS = (
					"$(inherited)",
					"@executable_path/Frameworks",
				);
				MARKETING_VERSION = 1.0;
				PRODUCT_BUNDLE_IDENTIFIER = com.armin.TaskMagnet;
				PRODUCT_NAME = "$(TARGET_NAME)";
				SWIFT_EMIT_LOC_STRINGS = YES;
				SWIFT_VERSION = 5.0;
				TARGETED_DEVICE_FAMILY = "1,2";
			};
			name = Release;
		};
/* End XCBuildConfiguration section */

/* Begin XCConfigurationList section */
		C6F3C9322AF7C19D00FC3F71 /* Build configuration list for PBXProject "TaskMagnet" */ = {
			isa = XCConfigurationList;
			buildConfigurations = (
				C6F3C9432AF7C19F00FC3F71 /* Debug */,
				C6F3C9442AF7C19F00FC3F71 /* Release */,
			);
			defaultConfigurationIsVisible = 0;
			defaultConfigurationName = Release;
		};
		C6F3C9452AF7C19F00FC3F71 /* Build configuration list for PBXNativeTarget "TaskMagnet" */ = {
			isa = XCConfigurationList;
			buildConfigurations = (
				C6F3C9462AF7C19F00FC3F71 /* Debug */,
				C6F3C9472AF7C19F00FC3F71 /* Release */,
			);
			defaultConfigurationIsVisible = 0;
			defaultConfigurationName = Release;
		};
/* End XCConfigurationList section */

/* Begin XCRemoteSwiftPackageReference section */
		C6177C622B0A9E1B00F803D4 /* XCRemoteSwiftPackageReference "GoogleSignIn-iOS" */ = {
			isa = XCRemoteSwiftPackageReference;
			repositoryURL = "https://github.com/google/GoogleSignIn-iOS";
			requirement = {
				kind = upToNextMajorVersion;
				minimumVersion = 7.0.0;
			};
		};
		C6F3C94A2AF7C3ED00FC3F71 /* XCRemoteSwiftPackageReference "firebase-ios-sdk" */ = {
			isa = XCRemoteSwiftPackageReference;
			repositoryURL = "https://github.com/firebase/firebase-ios-sdk.git";
			requirement = {
				kind = upToNextMajorVersion;
				minimumVersion = 10.17.0;
			};
		};
/* End XCRemoteSwiftPackageReference section */

/* Begin XCSwiftPackageProductDependency section */
		C6177C632B0A9E1B00F803D4 /* GoogleSignIn */ = {
			isa = XCSwiftPackageProductDependency;
			package = C6177C622B0A9E1B00F803D4 /* XCRemoteSwiftPackageReference "GoogleSignIn-iOS" */;
			productName = GoogleSignIn;
		};
		C6177C652B0A9E1B00F803D4 /* GoogleSignInSwift */ = {
			isa = XCSwiftPackageProductDependency;
			package = C6177C622B0A9E1B00F803D4 /* XCRemoteSwiftPackageReference "GoogleSignIn-iOS" */;
			productName = GoogleSignInSwift;
		};
		C6E1C8922B1353FD00BA120D /* GoogleSignIn */ = {
			isa = XCSwiftPackageProductDependency;
			package = C6177C622B0A9E1B00F803D4 /* XCRemoteSwiftPackageReference "GoogleSignIn-iOS" */;
			productName = GoogleSignIn;
		};
		C6E1C8942B1353FD00BA120D /* GoogleSignInSwift */ = {
			isa = XCSwiftPackageProductDependency;
			package = C6177C622B0A9E1B00F803D4 /* XCRemoteSwiftPackageReference "GoogleSignIn-iOS" */;
			productName = GoogleSignInSwift;
		};
		C6F3C94B2AF7C3ED00FC3F71 /* FirebaseAnalytics */ = {
			isa = XCSwiftPackageProductDependency;
			package = C6F3C94A2AF7C3ED00FC3F71 /* XCRemoteSwiftPackageReference "firebase-ios-sdk" */;
			productName = FirebaseAnalytics;
		};
		C6F3C94D2AF7C3ED00FC3F71 /* FirebaseAnalyticsOnDeviceConversion */ = {
			isa = XCSwiftPackageProductDependency;
			package = C6F3C94A2AF7C3ED00FC3F71 /* XCRemoteSwiftPackageReference "firebase-ios-sdk" */;
			productName = FirebaseAnalyticsOnDeviceConversion;
		};
		C6F3C94F2AF7C3ED00FC3F71 /* FirebaseAnalyticsSwift */ = {
			isa = XCSwiftPackageProductDependency;
			package = C6F3C94A2AF7C3ED00FC3F71 /* XCRemoteSwiftPackageReference "firebase-ios-sdk" */;
			productName = FirebaseAnalyticsSwift;
		};
		C6F3C9512AF7C3ED00FC3F71 /* FirebaseAnalyticsWithoutAdIdSupport */ = {
			isa = XCSwiftPackageProductDependency;
			package = C6F3C94A2AF7C3ED00FC3F71 /* XCRemoteSwiftPackageReference "firebase-ios-sdk" */;
			productName = FirebaseAnalyticsWithoutAdIdSupport;
		};
		C6F3C9532AF7C3ED00FC3F71 /* FirebaseAppCheck */ = {
			isa = XCSwiftPackageProductDependency;
			package = C6F3C94A2AF7C3ED00FC3F71 /* XCRemoteSwiftPackageReference "firebase-ios-sdk" */;
			productName = FirebaseAppCheck;
		};
		C6F3C9552AF7C3ED00FC3F71 /* FirebaseAppDistribution-Beta */ = {
			isa = XCSwiftPackageProductDependency;
			package = C6F3C94A2AF7C3ED00FC3F71 /* XCRemoteSwiftPackageReference "firebase-ios-sdk" */;
			productName = "FirebaseAppDistribution-Beta";
		};
		C6F3C9572AF7C3ED00FC3F71 /* FirebaseAuth */ = {
			isa = XCSwiftPackageProductDependency;
			package = C6F3C94A2AF7C3ED00FC3F71 /* XCRemoteSwiftPackageReference "firebase-ios-sdk" */;
			productName = FirebaseAuth;
		};
		C6F3C9592AF7C3ED00FC3F71 /* FirebaseAuthCombine-Community */ = {
			isa = XCSwiftPackageProductDependency;
			package = C6F3C94A2AF7C3ED00FC3F71 /* XCRemoteSwiftPackageReference "firebase-ios-sdk" */;
			productName = "FirebaseAuthCombine-Community";
		};
		C6F3C95B2AF7C3ED00FC3F71 /* FirebaseCrashlytics */ = {
			isa = XCSwiftPackageProductDependency;
			package = C6F3C94A2AF7C3ED00FC3F71 /* XCRemoteSwiftPackageReference "firebase-ios-sdk" */;
			productName = FirebaseCrashlytics;
		};
		C6F3C95D2AF7C3ED00FC3F71 /* FirebaseDatabase */ = {
			isa = XCSwiftPackageProductDependency;
			package = C6F3C94A2AF7C3ED00FC3F71 /* XCRemoteSwiftPackageReference "firebase-ios-sdk" */;
			productName = FirebaseDatabase;
		};
		C6F3C95F2AF7C3ED00FC3F71 /* FirebaseDatabaseSwift */ = {
			isa = XCSwiftPackageProductDependency;
			package = C6F3C94A2AF7C3ED00FC3F71 /* XCRemoteSwiftPackageReference "firebase-ios-sdk" */;
			productName = FirebaseDatabaseSwift;
		};
		C6F3C9612AF7C3ED00FC3F71 /* FirebaseDynamicLinks */ = {
			isa = XCSwiftPackageProductDependency;
			package = C6F3C94A2AF7C3ED00FC3F71 /* XCRemoteSwiftPackageReference "firebase-ios-sdk" */;
			productName = FirebaseDynamicLinks;
		};
		C6F3C9632AF7C3ED00FC3F71 /* FirebaseFirestore */ = {
			isa = XCSwiftPackageProductDependency;
			package = C6F3C94A2AF7C3ED00FC3F71 /* XCRemoteSwiftPackageReference "firebase-ios-sdk" */;
			productName = FirebaseFirestore;
		};
		C6F3C9652AF7C3ED00FC3F71 /* FirebaseFirestoreCombine-Community */ = {
			isa = XCSwiftPackageProductDependency;
			package = C6F3C94A2AF7C3ED00FC3F71 /* XCRemoteSwiftPackageReference "firebase-ios-sdk" */;
			productName = "FirebaseFirestoreCombine-Community";
		};
		C6F3C9672AF7C3ED00FC3F71 /* FirebaseFirestoreSwift */ = {
			isa = XCSwiftPackageProductDependency;
			package = C6F3C94A2AF7C3ED00FC3F71 /* XCRemoteSwiftPackageReference "firebase-ios-sdk" */;
			productName = FirebaseFirestoreSwift;
		};
		C6F3C9692AF7C3ED00FC3F71 /* FirebaseFunctions */ = {
			isa = XCSwiftPackageProductDependency;
			package = C6F3C94A2AF7C3ED00FC3F71 /* XCRemoteSwiftPackageReference "firebase-ios-sdk" */;
			productName = FirebaseFunctions;
		};
		C6F3C96B2AF7C3ED00FC3F71 /* FirebaseFunctionsCombine-Community */ = {
			isa = XCSwiftPackageProductDependency;
			package = C6F3C94A2AF7C3ED00FC3F71 /* XCRemoteSwiftPackageReference "firebase-ios-sdk" */;
			productName = "FirebaseFunctionsCombine-Community";
		};
		C6F3C96D2AF7C3ED00FC3F71 /* FirebaseInAppMessaging-Beta */ = {
			isa = XCSwiftPackageProductDependency;
			package = C6F3C94A2AF7C3ED00FC3F71 /* XCRemoteSwiftPackageReference "firebase-ios-sdk" */;
			productName = "FirebaseInAppMessaging-Beta";
		};
		C6F3C96F2AF7C3ED00FC3F71 /* FirebaseInAppMessagingSwift-Beta */ = {
			isa = XCSwiftPackageProductDependency;
			package = C6F3C94A2AF7C3ED00FC3F71 /* XCRemoteSwiftPackageReference "firebase-ios-sdk" */;
			productName = "FirebaseInAppMessagingSwift-Beta";
		};
		C6F3C9712AF7C3ED00FC3F71 /* FirebaseInstallations */ = {
			isa = XCSwiftPackageProductDependency;
			package = C6F3C94A2AF7C3ED00FC3F71 /* XCRemoteSwiftPackageReference "firebase-ios-sdk" */;
			productName = FirebaseInstallations;
		};
		C6F3C9732AF7C3ED00FC3F71 /* FirebaseMLModelDownloader */ = {
			isa = XCSwiftPackageProductDependency;
			package = C6F3C94A2AF7C3ED00FC3F71 /* XCRemoteSwiftPackageReference "firebase-ios-sdk" */;
			productName = FirebaseMLModelDownloader;
		};
		C6F3C9752AF7C3ED00FC3F71 /* FirebaseMessaging */ = {
			isa = XCSwiftPackageProductDependency;
			package = C6F3C94A2AF7C3ED00FC3F71 /* XCRemoteSwiftPackageReference "firebase-ios-sdk" */;
			productName = FirebaseMessaging;
		};
		C6F3C9772AF7C3ED00FC3F71 /* FirebasePerformance */ = {
			isa = XCSwiftPackageProductDependency;
			package = C6F3C94A2AF7C3ED00FC3F71 /* XCRemoteSwiftPackageReference "firebase-ios-sdk" */;
			productName = FirebasePerformance;
		};
		C6F3C9792AF7C3ED00FC3F71 /* FirebaseRemoteConfig */ = {
			isa = XCSwiftPackageProductDependency;
			package = C6F3C94A2AF7C3ED00FC3F71 /* XCRemoteSwiftPackageReference "firebase-ios-sdk" */;
			productName = FirebaseRemoteConfig;
		};
		C6F3C97B2AF7C3ED00FC3F71 /* FirebaseRemoteConfigSwift */ = {
			isa = XCSwiftPackageProductDependency;
			package = C6F3C94A2AF7C3ED00FC3F71 /* XCRemoteSwiftPackageReference "firebase-ios-sdk" */;
			productName = FirebaseRemoteConfigSwift;
		};
		C6F3C97D2AF7C3ED00FC3F71 /* FirebaseStorage */ = {
			isa = XCSwiftPackageProductDependency;
			package = C6F3C94A2AF7C3ED00FC3F71 /* XCRemoteSwiftPackageReference "firebase-ios-sdk" */;
			productName = FirebaseStorage;
		};
		C6F3C97F2AF7C3ED00FC3F71 /* FirebaseStorageCombine-Community */ = {
			isa = XCSwiftPackageProductDependency;
			package = C6F3C94A2AF7C3ED00FC3F71 /* XCRemoteSwiftPackageReference "firebase-ios-sdk" */;
			productName = "FirebaseStorageCombine-Community";
		};
/* End XCSwiftPackageProductDependency section */
	};
	rootObject = C6F3C92F2AF7C19D00FC3F71 /* Project object */;
}
